// !$*UTF8*$!
{
	archiveVersion = 1;
	classes = {
	};
	objectVersion = 77;
	objects = {

/* Begin PBXContainerItemProxy section */
		CCEA97E62F6508EF00CA3336 /* PBXContainerItemProxy */ = {
			isa = PBXContainerItemProxy;
			containerPortal = CCEA97CD2F6508ED00CA3336 /* Project object */;
			proxyType = 1;
			remoteGlobalIDString = CCEA97D42F6508ED00CA3336;
			remoteInfo = BetaSprayer;
		};
		CCEA97F02F6508EF00CA3336 /* PBXContainerItemProxy */ = {
			isa = PBXContainerItemProxy;
			containerPortal = CCEA97CD2F6508ED00CA3336 /* Project object */;
			proxyType = 1;
			remoteGlobalIDString = CCEA97D42F6508ED00CA3336;
			remoteInfo = BetaSprayer;
		};
/* End PBXContainerItemProxy section */

/* Begin PBXFileReference section */
		CCEA97D52F6508ED00CA3336 /* BetaSprayer.app */ = {isa = PBXFileReference; explicitFileType = wrapper.application; includeInIndex = 0; path = BetaSprayer.app; sourceTree = BUILT_PRODUCTS_DIR; };
		CCEA97E52F6508EF00CA3336 /* BetaSprayerTests.xctest */ = {isa = PBXFileReference; explicitFileType = wrapper.cfbundle; includeInIndex = 0; path = BetaSprayerTests.xctest; sourceTree = BUILT_PRODUCTS_DIR; };
		CCEA97EF2F6508EF00CA3336 /* BetaSprayerUITests.xctest */ = {isa = PBXFileReference; explicitFileType = wrapper.cfbundle; includeInIndex = 0; path = BetaSprayerUITests.xctest; sourceTree = BUILT_PRODUCTS_DIR; };
/* End PBXFileReference section */

/* Begin PBXFileSystemSynchronizedRootGroup section */
		CCEA97D72F6508ED00CA3336 /* BetaSprayer */ = {
			isa = PBXFileSystemSynchronizedRootGroup;
			path = BetaSprayer;
			sourceTree = "<group>";
		};
		CCEA97E82F6508EF00CA3336 /* BetaSprayerTests */ = {
			isa = PBXFileSystemSynchronizedRootGroup;
			path = BetaSprayerTests;
			sourceTree = "<group>";
		};
		CCEA97F22F6508EF00CA3336 /* BetaSprayerUITests */ = {
			isa = PBXFileSystemSynchronizedRootGroup;
			path = BetaSprayerUITests;
			sourceTree = "<group>";
		};
/* End PBXFileSystemSynchronizedRootGroup section */

/* Begin PBXFrameworksBuildPhase section */
		CCEA97D22F6508ED00CA3336 /* Frameworks */ = {
			isa = PBXFrameworksBuildPhase;
			buildActionMask = 2147483647;
			files = (
			);
			runOnlyForDeploymentPostprocessing = 0;
		};
		CCEA97E22F6508EF00CA3336 /* Frameworks */ = {
			isa = PBXFrameworksBuildPhase;
			buildActionMask = 2147483647;
			files = (
			);
			runOnlyForDeploymentPostprocessing = 0;
		};
		CCEA97EC2F6508EF00CA3336 /* Frameworks */ = {
			isa = PBXFrameworksBuildPhase;
			buildActionMask = 2147483647;
			files = (
			);
			runOnlyForDeploymentPostprocessing = 0;
		};
/* End PBXFrameworksBuildPhase section */

/* Begin PBXGroup section */
		CCEA97CC2F6508ED00CA3336 = {
			isa = PBXGroup;
			children = (
				CCEA97D72F6508ED00CA3336 /* BetaSprayer */,
				CCEA97E82F6508EF00CA3336 /* BetaSprayerTests */,
				CCEA97F22F6508EF00CA3336 /* BetaSprayerUITests */,
				CCEA97D62F6508ED00CA3336 /* Products */,
			);
			sourceTree = "<group>";
		};
		CCEA97D62F6508ED00CA3336 /* Products */ = {
			isa = PBXGroup;
			children = (
				CCEA97D52F6508ED00CA3336 /* BetaSprayer.app */,
				CCEA97E52F6508EF00CA3336 /* BetaSprayerTests.xctest */,
				CCEA97EF2F6508EF00CA3336 /* BetaSprayerUITests.xctest */,
			);
			name = Products;
			sourceTree = "<group>";
		};
/* End PBXGroup section */

/* Begin PBXNativeTarget section */
		CCEA97D42F6508ED00CA3336 /* BetaSprayer */ = {
			isa = PBXNativeTarget;
			buildConfigurationList = CCEA97F92F6508EF00CA3336 /* Build configuration list for PBXNativeTarget "BetaSprayer" */;
			buildPhases = (
				CCEA97D12F6508ED00CA3336 /* Sources */,
				CCEA97D22F6508ED00CA3336 /* Frameworks */,
				CCEA97D32F6508ED00CA3336 /* Resources */,
			);
			buildRules = (
			);
			dependencies = (
			);
			fileSystemSynchronizedGroups = (
				CCEA97D72F6508ED00CA3336 /* BetaSprayer */,
			);
			name = BetaSprayer;
			packageProductDependencies = (
			);
			productName = BetaSprayer;
			productReference = CCEA97D52F6508ED00CA3336 /* BetaSprayer.app */;
			productType = "com.apple.product-type.application";
		};
		CCEA97E42F6508EF00CA3336 /* BetaSprayerTests */ = {
			isa = PBXNativeTarget;
			buildConfigurationList = CCEA97FC2F6508EF00CA3336 /* Build configuration list for PBXNativeTarget "BetaSprayerTests" */;
			buildPhases = (
				CCEA97E12F6508EF00CA3336 /* Sources */,
				CCEA97E22F6508EF00CA3336 /* Frameworks */,
				CCEA97E32F6508EF00CA3336 /* Resources */,
			);
			buildRules = (
			);
			dependencies = (
				CCEA97E72F6508EF00CA3336 /* PBXTargetDependency */,
			);
			fileSystemSynchronizedGroups = (
				CCEA97E82F6508EF00CA3336 /* BetaSprayerTests */,
			);
			name = BetaSprayerTests;
			packageProductDependencies = (
			);
			productName = BetaSprayerTests;
			productReference = CCEA97E52F6508EF00CA3336 /* BetaSprayerTests.xctest */;
			productType = "com.apple.product-type.bundle.unit-test";
		};
		CCEA97EE2F6508EF00CA3336 /* BetaSprayerUITests */ = {
			isa = PBXNativeTarget;
			buildConfigurationList = CCEA97FF2F6508EF00CA3336 /* Build configuration list for PBXNativeTarget "BetaSprayerUITests" */;
			buildPhases = (
				CCEA97EB2F6508EF00CA3336 /* Sources */,
				CCEA97EC2F6508EF00CA3336 /* Frameworks */,
				CCEA97ED2F6508EF00CA3336 /* Resources */,
			);
			buildRules = (
			);
			dependencies = (
				CCEA97F12F6508EF00CA3336 /* PBXTargetDependency */,
			);
			fileSystemSynchronizedGroups = (
				CCEA97F22F6508EF00CA3336 /* BetaSprayerUITests */,
			);
			name = BetaSprayerUITests;
			packageProductDependencies = (
			);
			productName = BetaSprayerUITests;
			productReference = CCEA97EF2F6508EF00CA3336 /* BetaSprayerUITests.xctest */;
			productType = "com.apple.product-type.bundle.ui-testing";
		};
/* End PBXNativeTarget section */

/* Begin PBXProject section */
		CCEA97CD2F6508ED00CA3336 /* Project object */ = {
			isa = PBXProject;
			attributes = {
				BuildIndependentTargetsInParallel = 1;
				LastSwiftUpdateCheck = 1620;
				LastUpgradeCheck = 1620;
				TargetAttributes = {
					CCEA97D42F6508ED00CA3336 = {
						CreatedOnToolsVersion = 16.2;
					};
					CCEA97E42F6508EF00CA3336 = {
						CreatedOnToolsVersion = 16.2;
						TestTargetID = CCEA97D42F6508ED00CA3336;
					};
					CCEA97EE2F6508EF00CA3336 = {
						CreatedOnToolsVersion = 16.2;
						TestTargetID = CCEA97D42F6508ED00CA3336;
					};
				};
			};
			buildConfigurationList = CCEA97D02F6508ED00CA3336 /* Build configuration list for PBXProject "BetaSprayer" */;
			developmentRegion = en;
			hasScannedForEncodings = 0;
			knownRegions = (
				en,
				Base,
			);
			mainGroup = CCEA97CC2F6508ED00CA3336;
			minimizedProjectReferenceProxies = 1;
			preferredProjectObjectVersion = 77;
			productRefGroup = CCEA97D62F6508ED00CA3336 /* Products */;
			projectDirPath = "";
			projectRoot = "";
			targets = (
				CCEA97D42F6508ED00CA3336 /* BetaSprayer */,
				CCEA97E42F6508EF00CA3336 /* BetaSprayerTests */,
				CCEA97EE2F6508EF00CA3336 /* BetaSprayerUITests */,
			);
		};
/* End PBXProject section */

/* Begin PBXResourcesBuildPhase section */
		CCEA97D32F6508ED00CA3336 /* Resources */ = {
			isa = PBXResourcesBuildPhase;
			buildActionMask = 2147483647;
			files = (
			);
			runOnlyForDeploymentPostprocessing = 0;
		};
		CCEA97E32F6508EF00CA3336 /* Resources */ = {
			isa = PBXResourcesBuildPhase;
			buildActionMask = 2147483647;
			files = (
			);
			runOnlyForDeploymentPostprocessing = 0;
		};
		CCEA97ED2F6508EF00CA3336 /* Resources */ = {
			isa = PBXResourcesBuildPhase;
			buildActionMask = 2147483647;
			files = (
			);
			runOnlyForDeploymentPostprocessing = 0;
		};
/* End PBXResourcesBuildPhase section */

/* Begin PBXSourcesBuildPhase section */
		CCEA97D12F6508ED00CA3336 /* Sources */ = {
			isa = PBXSourcesBuildPhase;
			buildActionMask = 2147483647;
			files = (
			);
			runOnlyForDeploymentPostprocessing = 0;
		};
		CCEA97E12F6508EF00CA3336 /* Sources */ = {
			isa = PBXSourcesBuildPhase;
			buildActionMask = 2147483647;
			files = (
			);
			runOnlyForDeploymentPostprocessing = 0;
		};
		CCEA97EB2F6508EF00CA3336 /* Sources */ = {
			isa = PBXSourcesBuildPhase;
			buildActionMask = 2147483647;
			files = (
			);
			runOnlyForDeploymentPostprocessing = 0;
		};
/* End PBXSourcesBuildPhase section */

/* Begin PBXTargetDependency section */
		CCEA97E72F6508EF00CA3336 /* PBXTargetDependency */ = {
			isa = PBXTargetDependency;
			target = CCEA97D42F6508ED00CA3336 /* BetaSprayer */;
			targetProxy = CCEA97E62F6508EF00CA3336 /* PBXContainerItemProxy */;
		};
		CCEA97F12F6508EF00CA3336 /* PBXTargetDependency */ = {
			isa = PBXTargetDependency;
			target = CCEA97D42F6508ED00CA3336 /* BetaSprayer */;
			targetProxy = CCEA97F02F6508EF00CA3336 /* PBXContainerItemProxy */;
		};
/* End PBXTargetDependency section */

/* Begin XCBuildConfiguration section */
		CCEA97F72F6508EF00CA3336 /* Debug */ = {
			isa = XCBuildConfiguration;
			buildSettings = {
				ALWAYS_SEARCH_USER_PATHS = NO;
				ASSETCATALOG_COMPILER_GENERATE_SWIFT_ASSET_SYMBOL_EXTENSIONS = YES;
				CLANG_ANALYZER_NONNULL = YES;
				CLANG_ANALYZER_NUMBER_OBJECT_CONVERSION = YES_AGGRESSIVE;
				CLANG_CXX_LANGUAGE_STANDARD = "gnu++20";
				CLANG_ENABLE_MODULES = YES;
				CLANG_ENABLE_OBJC_ARC = YES;
				CLANG_ENABLE_OBJC_WEAK = YES;
				CLANG_WARN_BLOCK_CAPTURE_AUTORELEASING = YES;
				CLANG_WARN_BOOL_CONVERSION = YES;
				CLANG_WARN_COMMA = YES;
				CLANG_WARN_CONSTANT_CONVERSION = YES;
				CLANG_WARN_DEPRECATED_OBJC_IMPLEMENTATIONS = YES;
				CLANG_WARN_DIRECT_OBJC_ISA_USAGE = YES_ERROR;
				CLANG_WARN_DOCUMENTATION_COMMENTS = YES;
				CLANG_WARN_EMPTY_BODY = YES;
				CLANG_WARN_ENUM_CONVERSION = YES;
				CLANG_WARN_INFINITE_RECURSION = YES;
				CLANG_WARN_INT_CONVERSION = YES;
				CLANG_WARN_NON_LITERAL_NULL_CONVERSION = YES;
				CLANG_WARN_OBJC_IMPLICIT_RETAIN_SELF = YES;
				CLANG_WARN_OBJC_LITERAL_CONVERSION = YES;
				CLANG_WARN_OBJC_ROOT_CLASS = YES_ERROR;
				CLANG_WARN_QUOTED_INCLUDE_IN_FRAMEWORK_HEADER = YES;
				CLANG_WARN_RANGE_LOOP_ANALYSIS = YES;
				CLANG_WARN_STRICT_PROTOTYPES = YES;
				CLANG_WARN_SUSPICIOUS_MOVE = YES;
				CLANG_WARN_UNGUARDED_AVAILABILITY = YES_AGGRESSIVE;
				CLANG_WARN_UNREACHABLE_CODE = YES;
				CLANG_WARN__DUPLICATE_METHOD_MATCH = YES;
				COPY_PHASE_STRIP = NO;
				DEBUG_INFORMATION_FORMAT = dwarf;
				ENABLE_STRICT_OBJC_MSGSEND = YES;
				ENABLE_TESTABILITY = YES;
				ENABLE_USER_SCRIPT_SANDBOXING = YES;
				GCC_C_LANGUAGE_STANDARD = gnu17;
				GCC_DYNAMIC_NO_PIC = NO;
				GCC_NO_COMMON_BLOCKS = YES;
				GCC_OPTIMIZATION_LEVEL = 0;
				GCC_PREPROCESSOR_DEFINITIONS = (
					"DEBUG=1",
					"$(inherited)",
				);
				GCC_WARN_64_TO_32_BIT_CONVERSION = YES;
				GCC_WARN_ABOUT_RETURN_TYPE = YES_ERROR;
				GCC_WARN_UNDECLARED_SELECTOR = YES;
				GCC_WARN_UNINITIALIZED_AUTOS = YES_AGGRESSIVE;
				GCC_WARN_UNUSED_FUNCTION = YES;
				GCC_WARN_UNUSED_VARIABLE = YES;
				IPHONEOS_DEPLOYMENT_TARGET = 18.2;
				LOCALIZATION_PREFERS_STRING_CATALOGS = YES;
				MTL_ENABLE_DEBUG_INFO = INCLUDE_SOURCE;
				MTL_FAST_MATH = YES;
				ONLY_ACTIVE_ARCH = YES;
				SDKROOT = iphoneos;
				SWIFT_ACTIVE_COMPILATION_CONDITIONS = "DEBUG $(inherited)";
				SWIFT_OPTIMIZATION_LEVEL = "-Onone";
			};
			name = Debug;
		};
		CCEA97F82F6508EF00CA3336 /* Release */ = {
			isa = XCBuildConfiguration;
			buildSettings = {
				ALWAYS_SEARCH_USER_PATHS = NO;
				ASSETCATALOG_COMPILER_GENERATE_SWIFT_ASSET_SYMBOL_EXTENSIONS = YES;
				CLANG_ANALYZER_NONNULL = YES;
				CLANG_ANALYZER_NUMBER_OBJECT_CONVERSION = YES_AGGRESSIVE;
				CLANG_CXX_LANGUAGE_STANDARD = "gnu++20";
				CLANG_ENABLE_MODULES = YES;
				CLANG_ENABLE_OBJC_ARC = YES;
				CLANG_ENABLE_OBJC_WEAK = YES;
				CLANG_WARN_BLOCK_CAPTURE_AUTORELEASING = YES;
				CLANG_WARN_BOOL_CONVERSION = YES;
				CLANG_WARN_COMMA = YES;
				CLANG_WARN_CONSTANT_CONVERSION = YES;
				CLANG_WARN_DEPRECATED_OBJC_IMPLEMENTATIONS = YES;
				CLANG_WARN_DIRECT_OBJC_ISA_USAGE = YES_ERROR;
				CLANG_WARN_DOCUMENTATION_COMMENTS = YES;
				CLANG_WARN_EMPTY_BODY = YES;
				CLANG_WARN_ENUM_CONVERSION = YES;
				CLANG_WARN_INFINITE_RECURSION = YES;
				CLANG_WARN_INT_CONVERSION = YES;
				CLANG_WARN_NON_LITERAL_NULL_CONVERSION = YES;
				CLANG_WARN_OBJC_IMPLICIT_RETAIN_SELF = YES;
				CLANG_WARN_OBJC_LITERAL_CONVERSION = YES;
				CLANG_WARN_OBJC_ROOT_CLASS = YES_ERROR;
				CLANG_WARN_QUOTED_INCLUDE_IN_FRAMEWORK_HEADER = YES;
				CLANG_WARN_RANGE_LOOP_ANALYSIS = YES;
				CLANG_WARN_STRICT_PROTOTYPES = YES;
				CLANG_WARN_SUSPICIOUS_MOVE = YES;
				CLANG_WARN_UNGUARDED_AVAILABILITY = YES_AGGRESSIVE;
				CLANG_WARN_UNREACHABLE_CODE = YES;
				CLANG_WARN__DUPLICATE_METHOD_MATCH = YES;
				COPY_PHASE_STRIP = NO;
				DEBUG_INFORMATION_FORMAT = "dwarf-with-dsym";
				ENABLE_NS_ASSERTIONS = NO;
				ENABLE_STRICT_OBJC_MSGSEND = YES;
				ENABLE_USER_SCRIPT_SANDBOXING = YES;
				GCC_C_LANGUAGE_STANDARD = gnu17;
				GCC_NO_COMMON_BLOCKS = YES;
				GCC_WARN_64_TO_32_BIT_CONVERSION = YES;
				GCC_WARN_ABOUT_RETURN_TYPE = YES_ERROR;
				GCC_WARN_UNDECLARED_SELECTOR = YES;
				GCC_WARN_UNINITIALIZED_AUTOS = YES_AGGRESSIVE;
				GCC_WARN_UNUSED_FUNCTION = YES;
				GCC_WARN_UNUSED_VARIABLE = YES;
				IPHONEOS_DEPLOYMENT_TARGET = 18.2;
				LOCALIZATION_PREFERS_STRING_CATALOGS = YES;
				MTL_ENABLE_DEBUG_INFO = NO;
				MTL_FAST_MATH = YES;
				SDKROOT = iphoneos;
				SWIFT_COMPILATION_MODE = wholemodule;
				VALIDATE_PRODUCT = YES;
			};
			name = Release;
		};
		CCEA97FA2F6508EF00CA3336 /* Debug */ = {
			isa = XCBuildConfiguration;
			buildSettings = {
				ASSETCATALOG_COMPILER_APPICON_NAME = AppIcon;
				ASSETCATALOG_COMPILER_GLOBAL_ACCENT_COLOR_NAME = AccentColor;
				CODE_SIGN_STYLE = Automatic;
				CURRENT_PROJECT_VERSION = 1;
				DEVELOPMENT_ASSET_PATHS = "\"BetaSprayer/Preview Content\"";
				ENABLE_PREVIEWS = YES;
				GENERATE_INFOPLIST_FILE = YES;
				INFOPLIST_KEY_NSCameraUsageDescription = "Beta Sprayer uses your camera to photograph boulder problems.";
				INFOPLIST_KEY_NSLocationWhenInUseUsageDescription = "Beta Sprayer detects your gym to improve search results.";
				INFOPLIST_KEY_NSPhotoLibraryUsageDescription = "Beta Sprayer accesses your photos to find beta videos.";
				INFOPLIST_KEY_UIApplicationSceneManifest_Generation = YES;
				INFOPLIST_KEY_UIApplicationSupportsIndirectInputEvents = YES;
				INFOPLIST_KEY_UILaunchScreen_Generation = YES;
				INFOPLIST_KEY_UISupportedInterfaceOrientations_iPad = "UIInterfaceOrientationPortrait UIInterfaceOrientationPortraitUpsideDown UIInterfaceOrientationLandscapeLeft UIInterfaceOrientationLandscapeRight";
				INFOPLIST_KEY_UISupportedInterfaceOrientations_iPhone = "UIInterfaceOrientationPortrait UIInterfaceOrientationLandscapeLeft UIInterfaceOrientationLandscapeRight";
				LD_RUNPATH_SEARCH_PATHS = (
					"$(inherited)",
					"@executable_path/Frameworks",
				);
				MARKETING_VERSION = 1.0;
				PRODUCT_BUNDLE_IDENTIFIER = noachallis.BetaSprayer;
				PRODUCT_NAME = "$(TARGET_NAME)";
				SWIFT_EMIT_LOC_STRINGS = YES;
				SWIFT_VERSION = 5.0;
				TARGETED_DEVICE_FAMILY = "1,2";
			};
			name = Debug;
		};
		CCEA97FB2F6508EF00CA3336 /* Release */ = {
			isa = XCBuildConfiguration;
			buildSettings = {
				ASSETCATALOG_COMPILER_APPICON_NAME = AppIcon;
				ASSETCATALOG_COMPILER_GLOBAL_ACCENT_COLOR_NAME = AccentColor;
				CODE_SIGN_STYLE = Automatic;
				CURRENT_PROJECT_VERSION = 1;
				DEVELOPMENT_ASSET_PATHS = "\"BetaSprayer/Preview Content\"";
				ENABLE_PREVIEWS = YES;
				GENERATE_INFOPLIST_FILE = YES;
				INFOPLIST_KEY_NSCameraUsageDescription = "Beta Sprayer uses your camera to photograph boulder problems.";
				INFOPLIST_KEY_NSLocationWhenInUseUsageDescription = "Beta Sprayer detects your gym to improve search results.";
				INFOPLIST_KEY_NSPhotoLibraryUsageDescription = "Beta Sprayer accesses your photos to find beta videos.";
				INFOPLIST_KEY_UIApplicationSceneManifest_Generation = YES;
				INFOPLIST_KEY_UIApplicationSupportsIndirectInputEvents = YES;
				INFOPLIST_KEY_UILaunchScreen_Generation = YES;
				INFOPLIST_KEY_UISupportedInterfaceOrientations_iPad = "UIInterfaceOrientationPortrait UIInterfaceOrientationPortraitUpsideDown UIInterfaceOrientationLandscapeLeft UIInterfaceOrientationLandscapeRight";
				INFOPLIST_KEY_UISupportedInterfaceOrientations_iPhone = "UIInterfaceOrientationPortrait UIInterfaceOrientationLandscapeLeft UIInterfaceOrientationLandscapeRight";
				LD_RUNPATH_SEARCH_PATHS = (
					"$(inherited)",
					"@executable_path/Frameworks",
				);
				MARKETING_VERSION = 1.0;
				PRODUCT_BUNDLE_IDENTIFIER = noachallis.BetaSprayer;
				PRODUCT_NAME = "$(TARGET_NAME)";
				SWIFT_EMIT_LOC_STRINGS = YES;
				SWIFT_VERSION = 5.0;
				TARGETED_DEVICE_FAMILY = "1,2";
			};
			name = Release;
		};
		CCEA97FD2F6508EF00CA3336 /* Debug */ = {
			isa = XCBuildConfiguration;
			buildSettings = {
				BUNDLE_LOADER = "$(TEST_HOST)";
				CODE_SIGN_STYLE = Automatic;
				CURRENT_PROJECT_VERSION = 1;
				GENERATE_INFOPLIST_FILE = YES;
				IPHONEOS_DEPLOYMENT_TARGET = 18.2;
				MARKETING_VERSION = 1.0;
				PRODUCT_BUNDLE_IDENTIFIER = noachallis.BetaSprayerTests;
				PRODUCT_NAME = "$(TARGET_NAME)";
				SWIFT_EMIT_LOC_STRINGS = NO;
				SWIFT_VERSION = 5.0;
				TARGETED_DEVICE_FAMILY = "1,2";
				TEST_HOST = "$(BUILT_PRODUCTS_DIR)/BetaSprayer.app/$(BUNDLE_EXECUTABLE_FOLDER_PATH)/BetaSprayer";
			};
			name = Debug;
		};
		CCEA97FE2F6508EF00CA3336 /* Release */ = {
			isa = XCBuildConfiguration;
			buildSettings = {
				BUNDLE_LOADER = "$(TEST_HOST)";
				CODE_SIGN_STYLE = Automatic;
				CURRENT_PROJECT_VERSION = 1;
				GENERATE_INFOPLIST_FILE = YES;
				IPHONEOS_DEPLOYMENT_TARGET = 18.2;
				MARKETING_VERSION = 1.0;
				PRODUCT_BUNDLE_IDENTIFIER = noachallis.BetaSprayerTests;
				PRODUCT_NAME = "$(TARGET_NAME)";
				SWIFT_EMIT_LOC_STRINGS = NO;
				SWIFT_VERSION = 5.0;
				TARGETED_DEVICE_FAMILY = "1,2";
				TEST_HOST = "$(BUILT_PRODUCTS_DIR)/BetaSprayer.app/$(BUNDLE_EXECUTABLE_FOLDER_PATH)/BetaSprayer";
			};
			name = Release;
		};
		CCEA98002F6508EF00CA3336 /* Debug */ = {
			isa = XCBuildConfiguration;
			buildSettings = {
				CODE_SIGN_STYLE = Automatic;
				CURRENT_PROJECT_VERSION = 1;
				GENERATE_INFOPLIST_FILE = YES;
				MARKETING_VERSION = 1.0;
				PRODUCT_BUNDLE_IDENTIFIER = noachallis.BetaSprayerUITests;
				PRODUCT_NAME = "$(TARGET_NAME)";
				SWIFT_EMIT_LOC_STRINGS = NO;
				SWIFT_VERSION = 5.0;
				TARGETED_DEVICE_FAMILY = "1,2";
				TEST_TARGET_NAME = BetaSprayer;
			};
			name = Debug;
		};
		CCEA98012F6508EF00CA3336 /* Release */ = {
			isa = XCBuildConfiguration;
			buildSettings = {
				CODE_SIGN_STYLE = Automatic;
				CURRENT_PROJECT_VERSION = 1;
				GENERATE_INFOPLIST_FILE = YES;
				MARKETING_VERSION = 1.0;
				PRODUCT_BUNDLE_IDENTIFIER = noachallis.BetaSprayerUITests;
				PRODUCT_NAME = "$(TARGET_NAME)";
				SWIFT_EMIT_LOC_STRINGS = NO;
				SWIFT_VERSION = 5.0;
				TARGETED_DEVICE_FAMILY = "1,2";
				TEST_TARGET_NAME = BetaSprayer;
			};
			name = Release;
		};
/* End XCBuildConfiguration section */

/* Begin XCConfigurationList section */
		CCEA97D02F6508ED00CA3336 /* Build configuration list for PBXProject "BetaSprayer" */ = {
			isa = XCConfigurationList;
			buildConfigurations = (
				CCEA97F72F6508EF00CA3336 /* Debug */,
				CCEA97F82F6508EF00CA3336 /* Release */,
			);
			defaultConfigurationIsVisible = 0;
			defaultConfigurationName = Release;
		};
		CCEA97F92F6508EF00CA3336 /* Build configuration list for PBXNativeTarget "BetaSprayer" */ = {
			isa = XCConfigurationList;
			buildConfigurations = (
				CCEA97FA2F6508EF00CA3336 /* Debug */,
				CCEA97FB2F6508EF00CA3336 /* Release */,
			);
			defaultConfigurationIsVisible = 0;
			defaultConfigurationName = Release;
		};
		CCEA97FC2F6508EF00CA3336 /* Build configuration list for PBXNativeTarget "BetaSprayerTests" */ = {
			isa = XCConfigurationList;
			buildConfigurations = (
				CCEA97FD2F6508EF00CA3336 /* Debug */,
				CCEA97FE2F6508EF00CA3336 /* Release */,
			);
			defaultConfigurationIsVisible = 0;
			defaultConfigurationName = Release;
		};
		CCEA97FF2F6508EF00CA3336 /* Build configuration list for PBXNativeTarget "BetaSprayerUITests" */ = {
			isa = XCConfigurationList;
			buildConfigurations = (
				CCEA98002F6508EF00CA3336 /* Debug */,
				CCEA98012F6508EF00CA3336 /* Release */,
			);
			defaultConfigurationIsVisible = 0;
			defaultConfigurationName = Release;
		};
/* End XCConfigurationList section */
	};
	rootObject = CCEA97CD2F6508ED00CA3336 /* Project object */;
}
